// !$*UTF8*$!
{
	archiveVersion = 1;
	classes = {
	};
	objectVersion = 46;
	objects = {

/* Begin PBXBuildFile section */
		6ACEEF371E32D8B30076A81E /* AppDelegate.swift in Sources */ = {isa = PBXBuildFile; fileRef = 6ACEEF361E32D8B30076A81E /* AppDelegate.swift */; };
		6ACEEF391E32D8B30076A81E /* ViewController.swift in Sources */ = {isa = PBXBuildFile; fileRef = 6ACEEF381E32D8B30076A81E /* ViewController.swift */; };
		6ACEEF3C1E32D8B30076A81E /* Main.storyboard in Resources */ = {isa = PBXBuildFile; fileRef = 6ACEEF3A1E32D8B30076A81E /* Main.storyboard */; };
		6ACEEF3E1E32D8B30076A81E /* Assets.xcassets in Resources */ = {isa = PBXBuildFile; fileRef = 6ACEEF3D1E32D8B30076A81E /* Assets.xcassets */; };
		6ACEEF411E32D8B30076A81E /* LaunchScreen.storyboard in Resources */ = {isa = PBXBuildFile; fileRef = 6ACEEF3F1E32D8B30076A81E /* LaunchScreen.storyboard */; };
/* End PBXBuildFile section */

/* Begin PBXFileReference section */
		6ACEEF331E32D8B30076A81E /* My Quotes.app */ = {isa = PBXFileReference; explicitFileType = wrapper.application; includeInIndex = 0; path = "My Quotes.app"; sourceTree = BUILT_PRODUCTS_DIR; };
		6ACEEF361E32D8B30076A81E /* AppDelegate.swift */ = {isa = PBXFileReference; lastKnownFileType = sourcecode.swift; path = AppDelegate.swift; sourceTree = "<group>"; };
		6ACEEF381E32D8B30076A81E /* ViewController.swift */ = {isa = PBXFileReference; lastKnownFileType = sourcecode.swift; path = ViewController.swift; sourceTree = "<group>"; };
		6ACEEF3B1E32D8B30076A81E /* Base */ = {isa = PBXFileReference; lastKnownFileType = file.storyboard; name = Base; path = Base.lproj/Main.storyboard; sourceTree = "<group>"; };
		6ACEEF3D1E32D8B30076A81E /* Assets.xcassets */ = {isa = PBXFileReference; lastKnownFileType = folder.assetcatalog; path = Assets.xcassets; sourceTree = "<group>"; };
		6ACEEF401E32D8B30076A81E /* Base */ = {isa = PBXFileReference; lastKnownFileType = file.storyboard; name = Base; path = Base.lproj/LaunchScreen.storyboard; sourceTree = "<group>"; };
		6ACEEF421E32D8B30076A81E /* Info.plist */ = {isa = PBXFileReference; lastKnownFileType = text.plist.xml; path = Info.plist; sourceTree = "<group>"; };
/* End PBXFileReference section */

/* Begin PBXFrameworksBuildPhase section */
		6ACEEF301E32D8B20076A81E /* Frameworks */ = {
			isa = PBXFrameworksBuildPhase;
			buildActionMask = 2147483647;
			files = (
			);
			runOnlyForDeploymentPostprocessing = 0;
		};
/* End PBXFrameworksBuildPhase section */

/* Begin PBXGroup section */
		6ACEEF2A1E32D8B20076A81E = {
			isa = PBXGroup;
			children = (
				6ACEEF351E32D8B30076A81E /* My Quotes */,
				6ACEEF341E32D8B30076A81E /* Products */,
			);
			sourceTree = "<group>";
		};
		6ACEEF341E32D8B30076A81E /* Products */ = {
			isa = PBXGroup;
			children = (
				6ACEEF331E32D8B30076A81E /* My Quotes.app */,
			);
			name = Products;
			sourceTree = "<group>";
		};
		6ACEEF351E32D8B30076A81E /* My Quotes */ = {
			isa = PBXGroup;
			children = (
				6ACEEF361E32D8B30076A81E /* AppDelegate.swift */,
				6ACEEF381E32D8B30076A81E /* ViewController.swift */,
				6ACEEF3A1E32D8B30076A81E /* Main.storyboard */,
				6ACEEF3D1E32D8B30076A81E /* Assets.xcassets */,
				6ACEEF3F1E32D8B30076A81E /* LaunchScreen.storyboard */,
				6ACEEF421E32D8B30076A81E /* Info.plist */,
			);
			path = "My Quotes";
			sourceTree = "<group>";
		};
/* End PBXGroup section */

/* Begin PBXNativeTarget section */
		6ACEEF321E32D8B20076A81E /* My Quotes */ = {
			isa = PBXNativeTarget;
			buildConfigurationList = 6ACEEF451E32D8B30076A81E /* Build configuration list for PBXNativeTarget "My Quotes" */;
			buildPhases = (
				6ACEEF2F1E32D8B20076A81E /* Sources */,
				6ACEEF301E32D8B20076A81E /* Frameworks */,
				6ACEEF311E32D8B20076A81E /* Resources */,
			);
			buildRules = (
			);
			dependencies = (
			);
			name = "My Quotes";
			productName = "My Quotes";
			productReference = 6ACEEF331E32D8B30076A81E /* My Quotes.app */;
			productType = "com.apple.product-type.application";
		};
/* End PBXNativeTarget section */

/* Begin PBXProject section */
		6ACEEF2B1E32D8B20076A81E /* Project object */ = {
			isa = PBXProject;
			attributes = {
				LastSwiftUpdateCheck = 0820;
				LastUpgradeCheck = 0820;
				ORGANIZATIONNAME = "Timothy Barrett";
				TargetAttributes = {
					6ACEEF321E32D8B20076A81E = {
						CreatedOnToolsVersion = 8.2.1;
						DevelopmentTeam = AQF45K48EJ;
						ProvisioningStyle = Automatic;
					};
				};
			};
			buildConfigurationList = 6ACEEF2E1E32D8B20076A81E /* Build configuration list for PBXProject "My Quotes" */;
			compatibilityVersion = "Xcode 3.2";
			developmentRegion = English;
			hasScannedForEncodings = 0;
			knownRegions = (
				en,
				Base,
			);
			mainGroup = 6ACEEF2A1E32D8B20076A81E;
			productRefGroup = 6ACEEF341E32D8B30076A81E /* Products */;
			projectDirPath = "";
			projectRoot = "";
			targets = (
				6ACEEF321E32D8B20076A81E /* My Quotes */,
			);
		};
/* End PBXProject section */

/* Begin PBXResourcesBuildPhase section */
		6ACEEF311E32D8B20076A81E /* Resources */ = {
			isa = PBXResourcesBuildPhase;
			buildActionMask = 2147483647;
			files = (
				6ACEEF411E32D8B30076A81E /* LaunchScreen.storyboard in Resources */,
				6ACEEF3E1E32D8B30076A81E /* Assets.xcassets in Resources */,
				6ACEEF3C1E32D8B30076A81E /* Main.storyboard in Resources */,
			);
			runOnlyForDeploymentPostprocessing = 0;
		};
/* End PBXResourcesBuildPhase section */

/* Begin PBXSourcesBuildPhase section */
		6ACEEF2F1E32D8B20076A81E /* Sources */ = {
			isa = PBXSourcesBuildPhase;
			buildActionMask = 2147483647;
			files = (
				6ACEEF391E32D8B30076A81E /* ViewController.swift in Sources */,
				6ACEEF371E32D8B30076A81E /* AppDelegate.swift in Sources */,
			);
			runOnlyForDeploymentPostprocessing = 0;
		};
/* End PBXSourcesBuildPhase section */

/* Begin PBXVariantGroup section */
		6ACEEF3A1E32D8B30076A81E /* Main.storyboard */ = {
			isa = PBXVariantGroup;
			children = (
				6ACEEF3B1E32D8B30076A81E /* Base */,
			);
			name = Main.storyboard;
			sourceTree = "<group>";
		};
		6ACEEF3F1E32D8B30076A81E /* LaunchScreen.storyboard */ = {
			isa = PBXVariantGroup;
			children = (
				6ACEEF401E32D8B30076A81E /* Base */,
			);
			name = LaunchScreen.storyboard;
			sourceTree = "<group>";
		};
/* End PBXVariantGroup section */

/* Begin XCBuildConfiguration section */
		6ACEEF431E32D8B30076A81E /* Debug */ = {
			isa = XCBuildConfiguration;
			buildSettings = {
				ALWAYS_SEARCH_USER_PATHS = NO;
				CLANG_ANALYZER_NONNULL = YES;
				CLANG_CXX_LANGUAGE_STANDARD = "gnu++0x";
				CLANG_CXX_LIBRARY = "libc++";
				CLANG_ENABLE_MODULES = YES;
				CLANG_ENABLE_OBJC_ARC = YES;
				CLANG_WARN_BOOL_CONVERSION = YES;
				CLANG_WARN_CONSTANT_CONVERSION = YES;
				CLANG_WARN_DIRECT_OBJC_ISA_USAGE = YES_ERROR;
				CLANG_WARN_DOCUMENTATION_COMMENTS = YES;
				CLANG_WARN_EMPTY_BODY = YES;
				CLANG_WARN_ENUM_CONVERSION = YES;
				CLANG_WARN_INFINITE_RECURSION = YES;
				CLANG_WARN_INT_CONVERSION = YES;
				CLANG_WARN_OBJC_ROOT_CLASS = YES_ERROR;
				CLANG_WARN_SUSPICIOUS_MOVE = YES;
				CLANG_WARN_UNREACHABLE_CODE = YES;
				CLANG_WARN__DUPLICATE_METHOD_MATCH = YES;
				"CODE_SIGN_IDENTITY[sdk=iphoneos*]" = "iPhone Developer";
				COPY_PHASE_STRIP = NO;
				DEBUG_INFORMATION_FORMAT = dwarf;
				ENABLE_STRICT_OBJC_MSGSEND = YES;
				ENABLE_TESTABILITY = YES;
				GCC_C_LANGUAGE_STANDARD = gnu99;
				GCC_DYNAMIC_NO_PIC = NO;
				GCC_NO_COMMON_BLOCKS = YES;
				GCC_OPTIMIZATION_LEVEL = 0;
				GCC_PREPROCESSOR_DEFINITIONS = (
					"DEBUG=1",
					"$(inherited)",
				);
				GCC_WARN_64_TO_32_BIT_CONVERSION = YES;
				GCC_WARN_ABOUT_RETURN_TYPE = YES_ERROR;
				GCC_WARN_UNDECLARED_SELECTOR = YES;
				GCC_WARN_UNINITIALIZED_AUTOS = YES_AGGRESSIVE;
				GCC_WARN_UNUSED_FUNCTION = YES;
				GCC_WARN_UNUSED_VARIABLE = YES;
				IPHONEOS_DEPLOYMENT_TARGET = 10.2;
				MTL_ENABLE_DEBUG_INFO = YES;
				ONLY_ACTIVE_ARCH = YES;
				SDKROOT = iphoneos;
				SWIFT_ACTIVE_COMPILATION_CONDITIONS = DEBUG;
				SWIFT_OPTIMIZATION_LEVEL = "-Onone";
			};
			name = Debug;
		};
		6ACEEF441E32D8B30076A81E /* Release */ = {
			isa = XCBuildConfiguration;
			buildSettings = {
				ALWAYS_SEARCH_USER_PATHS = NO;
				CLANG_ANALYZER_NONNULL = YES;
				CLANG_CXX_LANGUAGE_STANDARD = "gnu++0x";
				CLANG_CXX_LIBRARY = "libc++";
				CLANG_ENABLE_MODULES = YES;
				CLANG_ENABLE_OBJC_ARC = YES;
				CLANG_WARN_BOOL_CONVERSION = YES;
				CLANG_WARN_CONSTANT_CONVERSION = YES;
				CLANG_WARN_DIRECT_OBJC_ISA_USAGE = YES_ERROR;
				CLANG_WARN_DOCUMENTATION_COMMENTS = YES;
				CLANG_WARN_EMPTY_BODY = YES;
				CLANG_WARN_ENUM_CONVERSION = YES;
				CLANG_WARN_INFINITE_RECURSION = YES;
				CLANG_WARN_INT_CONVERSION = YES;
				CLANG_WARN_OBJC_ROOT_CLASS = YES_ERROR;
				CLANG_WARN_SUSPICIOUS_MOVE = YES;
				CLANG_WARN_UNREACHABLE_CODE = YES;
				CLANG_WARN__DUPLICATE_METHOD_MATCH = YES;
				"CODE_SIGN_IDENTITY[sdk=iphoneos*]" = "iPhone Developer";
				COPY_PHASE_STRIP = NO;
				DEBUG_INFORMATION_FORMAT = "dwarf-with-dsym";
				ENABLE_NS_ASSERTIONS = NO;
				ENABLE_STRICT_OBJC_MSGSEND = YES;
				GCC_C_LANGUAGE_STANDARD = gnu99;
				GCC_NO_COMMON_BLOCKS = YES;
				GCC_WARN_64_TO_32_BIT_CONVERSION = YES;
				GCC_WARN_ABOUT_RETURN_TYPE = YES_ERROR;
				GCC_WARN_UNDECLARED_SELECTOR = YES;
				GCC_WARN_UNINITIALIZED_AUTOS = YES_AGGRESSIVE;
				GCC_WARN_UNUSED_FUNCTION = YES;
				GCC_WARN_UNUSED_VARIABLE = YES;
				IPHONEOS_DEPLOYMENT_TARGET = 10.2;
				MTL_ENABLE_DEBUG_INFO = NO;
				SDKROOT = iphoneos;
				SWIFT_OPTIMIZATION_LEVEL = "-Owholemodule";
				VALIDATE_PRODUCT = YES;
			};
			name = Release;
		};
		6ACEEF461E32D8B30076A81E /* Debug */ = {
			isa = XCBuildConfiguration;
			buildSettings = {
				ASSETCATALOG_COMPILER_APPICON_NAME = AppIcon;
				DEVELOPMENT_TEAM = AQF45K48EJ;
				INFOPLIST_FILE = "My Quotes/Info.plist";
				LD_RUNPATH_SEARCH_PATHS = "$(inherited) @executable_path/Frameworks";
				PRODUCT_BUNDLE_IDENTIFIER = "com.tlbj.My-Quotes";
				PRODUCT_NAME = "$(TARGET_NAME)";
				SWIFT_VERSION = 3.0;
			};
			name = Debug;
		};
		6ACEEF471E32D8B30076A81E /* Release */ = {
			isa = XCBuildConfiguration;
			buildSettings = {
				ASSETCATALOG_COMPILER_APPICON_NAME = AppIcon;
				DEVELOPMENT_TEAM = AQF45K48EJ;
				INFOPLIST_FILE = "My Quotes/Info.plist";
				LD_RUNPATH_SEARCH_PATHS = "$(inherited) @executable_path/Frameworks";
				PRODUCT_BUNDLE_IDENTIFIER = "com.tlbj.My-Quotes";
				PRODUCT_NAME = "$(TARGET_NAME)";
				SWIFT_VERSION = 3.0;
			};
			name = Release;
		};
/* End XCBuildConfiguration section */

/* Begin XCConfigurationList section */
		6ACEEF2E1E32D8B20076A81E /* Build configuration list for PBXProject "My Quotes" */ = {
			isa = XCConfigurationList;
			buildConfigurations = (
				6ACEEF431E32D8B30076A81E /* Debug */,
				6ACEEF441E32D8B30076A81E /* Release */,
			);
			defaultConfigurationIsVisible = 0;
			defaultConfigurationName = Release;
		};
		6ACEEF451E32D8B30076A81E /* Build configuration list for PBXNativeTarget "My Quotes" */ = {
			isa = XCConfigurationList;
			buildConfigurations = (
				6ACEEF461E32D8B30076A81E /* Debug */,
				6ACEEF471E32D8B30076A81E /* Release */,
			);
			defaultConfigurationIsVisible = 0;
		};
/* End XCConfigurationList section */
	};
	rootObject = 6ACEEF2B1E32D8B20076A81E /* Project object */;
}
